
Microsoft Visual Studio Solution File, Format Version 12.00
Project("{FAE04EC0-301F-11D3-BF4B-00C04F79EFBC}") = "OrderProcessorFuncApp", "OrderProcessorFuncApp\OrderProcessorFuncApp.csproj", "{172FF28B-BF6B-4F2E-90E6-056B4BB9F978}"
EndProject
Global
	GlobalSection(SolutionConfigurationPlatforms) = preSolution
		Debug|Any CPU = Debug|Any CPU
		Release|Any CPU = Release|Any CPU
	EndGlobalSection
	GlobalSection(ProjectConfigurationPlatforms) = postSolution
		{172FF28B-BF6B-4F2E-90E6-056B4BB9F978}.Debug|Any CPU.ActiveCfg = Debug|Any CPU
		{172FF28B-BF6B-4F2E-90E6-056B4BB9F978}.Debug|Any CPU.Build.0 = Debug|Any CPU
		{172FF28B-BF6B-4F2E-90E6-056B4BB9F978}.Release|Any CPU.ActiveCfg = Release|Any CPU
		{172FF28B-BF6B-4F2E-90E6-056B4BB9F978}.Release|Any CPU.Build.0 = Release|Any CPU
	EndGlobalSection
EndGlobal
